schema: '2.0'
stages:
  data_ingestion:
    cmd: python src/cnnClassifier/pipeline/stage_01_data_ingestion.py
    deps:
    - path: src/cnnClassifier/pipeline/stage_01_data_ingestion.py
      hash: md5
      md5: 62021fefb2f12bc0d7212588baae821f
      size: 867
    outs:
    - path: artifacts/data_ingestion/Chicken-fecal-images
      hash: md5
      md5: 9e1f8dd2eae3c29e9d635df89d438ae4.dir
      size: 12207807
      nfiles: 390
  prepare_base_model:
    cmd: python src/cnnClassifier/pipeline/stage_02_prepare_base_model.py
    deps:
    - path: src/cnnClassifier/pipeline/stage_02_prepare_base_model.py
      hash: md5
      md5: fa608a843d4ca311728f3dcedf554815
      size: 989
    outs:
    - path: artifacts/prepare_base_model
      hash: md5
      md5: c0a3875b2fb90991bb917c8c6d52ae60.dir
      size: 118059248
      nfiles: 2
  training:
    cmd: python src/cnnClassifier/pipeline/stage_03_training.py
    deps:
    - path: src/cnnClassifier/pipeline/stage_03_training.py
      hash: md5
      md5: a858c9113ae9e0c0165bf08b0f644b21
      size: 1213
    outs:
    - path: artifacts/training/model.h5
      hash: md5
      md5: eac016f55baccb4742fbf8b4e1dfc42b
      size: 59340720
  evaluation:
    cmd: python src/cnnClassifier/pipeline/stage_04_evaluation.py
    deps:
    - path: artifacts/data_ingestion/Chicken-fecal-images
      hash: md5
      md5: 9e1f8dd2eae3c29e9d635df89d438ae4.dir
      size: 12207807
      nfiles: 390
    - path: artifacts/training/model.h5
      hash: md5
      md5: eac016f55baccb4742fbf8b4e1dfc42b
      size: 59340720
    - path: config/config.yaml
      hash: md5
      md5: edaa3b1f1f528238a764b23923bbdc89
      size: 804
    - path: src/cnnClassifier/pipeline/stage_04_evaluation.py
      hash: md5
      md5: 18d8a46a52eb6a0e625b1890cfa263c5
      size: 883
    params:
      params.yaml:
        BATCH_SIZE: 16
        IMAGE_SIZE:
        - 224
        - 224
        - 3
    outs:
    - path: scores.json
      hash: md5
      md5: 9aa4781911c6f7e7188ea3bf2eaeb7fa
      size: 58
